
Microsoft Visual Studio Solution File, Format Version 12.00
# Visual Studio Version 17
VisualStudioVersion = 17.3.32819.101
MinimumVisualStudioVersion = 10.0.40219.1
Project("{FAE04EC0-301F-11D3-BF4B-00C04F79EFBC}") = "DHCI", "DHCI\DHCI.csproj", "{133E0447-9340-4728-AB7A-544336991431}"
EndProject
Project("{54435603-DBB4-11D2-8724-00A0C9A8B90C}") = "Dakinki Installer", "Dakinki Installer\Dakinki Installer.vdproj", "{D3010477-EA3F-4D11-B7D4-ADF46F50200A}"
EndProject
Global
	GlobalSection(SolutionConfigurationPlatforms) = preSolution
		Debug|Any CPU = Debug|Any CPU
		Release|Any CPU = Release|Any CPU
	EndGlobalSection
	GlobalSection(ProjectConfigurationPlatforms) = postSolution
		{133E0447-9340-4728-AB7A-544336991431}.Debug|Any CPU.ActiveCfg = Debug|Any CPU
		{133E0447-9340-4728-AB7A-544336991431}.Debug|Any CPU.Build.0 = Debug|Any CPU
		{133E0447-9340-4728-AB7A-544336991431}.Release|Any CPU.ActiveCfg = Release|Any CPU
		{133E0447-9340-4728-AB7A-544336991431}.Release|Any CPU.Build.0 = Release|Any CPU
		{D3010477-EA3F-4D11-B7D4-ADF46F50200A}.Debug|Any CPU.ActiveCfg = Debug
		{D3010477-EA3F-4D11-B7D4-ADF46F50200A}.Release|Any CPU.ActiveCfg = Release
	EndGlobalSection
	GlobalSection(SolutionProperties) = preSolution
		HideSolutionNode = FALSE
	EndGlobalSection
	GlobalSection(ExtensibilityGlobals) = postSolution
		SolutionGuid = {C749C134-DE81-4334-A83A-5973EE6EA4DA}
	EndGlobalSection
EndGlobal
